// !$*UTF8*$!
{
	archiveVersion = 1;
	classes = {
	};
	objectVersion = 55;
	objects = {

/* Begin PBXBuildFile section */
		283AB281285D019100A8B70A /* AppDelegate.swift in Sources */ = {isa = PBXBuildFile; fileRef = 283AB280285D019100A8B70A /* AppDelegate.swift */; };
		283AB283285D019100A8B70A /* SceneDelegate.swift in Sources */ = {isa = PBXBuildFile; fileRef = 283AB282285D019100A8B70A /* SceneDelegate.swift */; };
		283AB285285D019100A8B70A /* ViewController.swift in Sources */ = {isa = PBXBuildFile; fileRef = 283AB284285D019100A8B70A /* ViewController.swift */; };
		283AB288285D019100A8B70A /* Main.storyboard in Resources */ = {isa = PBXBuildFile; fileRef = 283AB286285D019100A8B70A /* Main.storyboard */; };
		283AB28A285D019400A8B70A /* Assets.xcassets in Resources */ = {isa = PBXBuildFile; fileRef = 283AB289285D019400A8B70A /* Assets.xcassets */; };
		283AB28D285D019400A8B70A /* LaunchScreen.storyboard in Resources */ = {isa = PBXBuildFile; fileRef = 283AB28B285D019400A8B70A /* LaunchScreen.storyboard */; };
		283AB298285D019400A8B70A /* dqaksesTests.swift in Sources */ = {isa = PBXBuildFile; fileRef = 283AB297285D019400A8B70A /* dqaksesTests.swift */; };
		283AB2A2285D019400A8B70A /* dqaksesUITests.swift in Sources */ = {isa = PBXBuildFile; fileRef = 283AB2A1285D019400A8B70A /* dqaksesUITests.swift */; };
		283AB2A4285D019400A8B70A /* dqaksesUITestsLaunchTests.swift in Sources */ = {isa = PBXBuildFile; fileRef = 283AB2A3285D019400A8B70A /* dqaksesUITestsLaunchTests.swift */; };
/* End PBXBuildFile section */

/* Begin PBXContainerItemProxy section */
		283AB294285D019400A8B70A /* PBXContainerItemProxy */ = {
			isa = PBXContainerItemProxy;
			containerPortal = 283AB275285D019100A8B70A /* Project object */;
			proxyType = 1;
			remoteGlobalIDString = 283AB27C285D019100A8B70A;
			remoteInfo = dqakses;
		};
		283AB29E285D019400A8B70A /* PBXContainerItemProxy */ = {
			isa = PBXContainerItemProxy;
			containerPortal = 283AB275285D019100A8B70A /* Project object */;
			proxyType = 1;
			remoteGlobalIDString = 283AB27C285D019100A8B70A;
			remoteInfo = dqakses;
		};
/* End PBXContainerItemProxy section */

/* Begin PBXFileReference section */
		283AB27D285D019100A8B70A /* dqakses.app */ = {isa = PBXFileReference; explicitFileType = wrapper.application; includeInIndex = 0; path = dqakses.app; sourceTree = BUILT_PRODUCTS_DIR; };
		283AB280285D019100A8B70A /* AppDelegate.swift */ = {isa = PBXFileReference; lastKnownFileType = sourcecode.swift; path = AppDelegate.swift; sourceTree = "<group>"; };
		283AB282285D019100A8B70A /* SceneDelegate.swift */ = {isa = PBXFileReference; lastKnownFileType = sourcecode.swift; path = SceneDelegate.swift; sourceTree = "<group>"; };
		283AB284285D019100A8B70A /* ViewController.swift */ = {isa = PBXFileReference; lastKnownFileType = sourcecode.swift; path = ViewController.swift; sourceTree = "<group>"; };
		283AB287285D019100A8B70A /* Base */ = {isa = PBXFileReference; lastKnownFileType = file.storyboard; name = Base; path = Base.lproj/Main.storyboard; sourceTree = "<group>"; };
		283AB289285D019400A8B70A /* Assets.xcassets */ = {isa = PBXFileReference; lastKnownFileType = folder.assetcatalog; path = Assets.xcassets; sourceTree = "<group>"; };
		283AB28C285D019400A8B70A /* Base */ = {isa = PBXFileReference; lastKnownFileType = file.storyboard; name = Base; path = Base.lproj/LaunchScreen.storyboard; sourceTree = "<group>"; };
		283AB28E285D019400A8B70A /* Info.plist */ = {isa = PBXFileReference; lastKnownFileType = text.plist.xml; path = Info.plist; sourceTree = "<group>"; };
		283AB293285D019400A8B70A /* dqaksesTests.xctest */ = {isa = PBXFileReference; explicitFileType = wrapper.cfbundle; includeInIndex = 0; path = dqaksesTests.xctest; sourceTree = BUILT_PRODUCTS_DIR; };
		283AB297285D019400A8B70A /* dqaksesTests.swift */ = {isa = PBXFileReference; lastKnownFileType = sourcecode.swift; path = dqaksesTests.swift; sourceTree = "<group>"; };
		283AB29D285D019400A8B70A /* dqaksesUITests.xctest */ = {isa = PBXFileReference; explicitFileType = wrapper.cfbundle; includeInIndex = 0; path = dqaksesUITests.xctest; sourceTree = BUILT_PRODUCTS_DIR; };
		283AB2A1285D019400A8B70A /* dqaksesUITests.swift */ = {isa = PBXFileReference; lastKnownFileType = sourcecode.swift; path = dqaksesUITests.swift; sourceTree = "<group>"; };
		283AB2A3285D019400A8B70A /* dqaksesUITestsLaunchTests.swift */ = {isa = PBXFileReference; lastKnownFileType = sourcecode.swift; path = dqaksesUITestsLaunchTests.swift; sourceTree = "<group>"; };
/* End PBXFileReference section */

/* Begin PBXFrameworksBuildPhase section */
		283AB27A285D019100A8B70A /* Frameworks */ = {
			isa = PBXFrameworksBuildPhase;
			buildActionMask = 2147483647;
			files = (
			);
			runOnlyForDeploymentPostprocessing = 0;
		};
		283AB290285D019400A8B70A /* Frameworks */ = {
			isa = PBXFrameworksBuildPhase;
			buildActionMask = 2147483647;
			files = (
			);
			runOnlyForDeploymentPostprocessing = 0;
		};
		283AB29A285D019400A8B70A /* Frameworks */ = {
			isa = PBXFrameworksBuildPhase;
			buildActionMask = 2147483647;
			files = (
			);
			runOnlyForDeploymentPostprocessing = 0;
		};
/* End PBXFrameworksBuildPhase section */

/* Begin PBXGroup section */
		283AB274285D019100A8B70A = {
			isa = PBXGroup;
			children = (
				283AB27F285D019100A8B70A /* dqakses */,
				283AB296285D019400A8B70A /* dqaksesTests */,
				283AB2A0285D019400A8B70A /* dqaksesUITests */,
				283AB27E285D019100A8B70A /* Products */,
			);
			sourceTree = "<group>";
		};
		283AB27E285D019100A8B70A /* Products */ = {
			isa = PBXGroup;
			children = (
				283AB27D285D019100A8B70A /* dqakses.app */,
				283AB293285D019400A8B70A /* dqaksesTests.xctest */,
				283AB29D285D019400A8B70A /* dqaksesUITests.xctest */,
			);
			name = Products;
			sourceTree = "<group>";
		};
		283AB27F285D019100A8B70A /* dqakses */ = {
			isa = PBXGroup;
			children = (
				283AB280285D019100A8B70A /* AppDelegate.swift */,
				283AB282285D019100A8B70A /* SceneDelegate.swift */,
				283AB284285D019100A8B70A /* ViewController.swift */,
				283AB286285D019100A8B70A /* Main.storyboard */,
				283AB289285D019400A8B70A /* Assets.xcassets */,
				283AB28B285D019400A8B70A /* LaunchScreen.storyboard */,
				283AB28E285D019400A8B70A /* Info.plist */,
			);
			path = dqakses;
			sourceTree = "<group>";
		};
		283AB296285D019400A8B70A /* dqaksesTests */ = {
			isa = PBXGroup;
			children = (
				283AB297285D019400A8B70A /* dqaksesTests.swift */,
			);
			path = dqaksesTests;
			sourceTree = "<group>";
		};
		283AB2A0285D019400A8B70A /* dqaksesUITests */ = {
			isa = PBXGroup;
			children = (
				283AB2A1285D019400A8B70A /* dqaksesUITests.swift */,
				283AB2A3285D019400A8B70A /* dqaksesUITestsLaunchTests.swift */,
			);
			path = dqaksesUITests;
			sourceTree = "<group>";
		};
/* End PBXGroup section */

/* Begin PBXNativeTarget section */
		283AB27C285D019100A8B70A /* dqakses */ = {
			isa = PBXNativeTarget;
			buildConfigurationList = 283AB2A7285D019400A8B70A /* Build configuration list for PBXNativeTarget "dqakses" */;
			buildPhases = (
				283AB279285D019100A8B70A /* Sources */,
				283AB27A285D019100A8B70A /* Frameworks */,
				283AB27B285D019100A8B70A /* Resources */,
			);
			buildRules = (
			);
			dependencies = (
			);
			name = dqakses;
			productName = dqakses;
			productReference = 283AB27D285D019100A8B70A /* dqakses.app */;
			productType = "com.apple.product-type.application";
		};
		283AB292285D019400A8B70A /* dqaksesTests */ = {
			isa = PBXNativeTarget;
			buildConfigurationList = 283AB2AA285D019400A8B70A /* Build configuration list for PBXNativeTarget "dqaksesTests" */;
			buildPhases = (
				283AB28F285D019400A8B70A /* Sources */,
				283AB290285D019400A8B70A /* Frameworks */,
				283AB291285D019400A8B70A /* Resources */,
			);
			buildRules = (
			);
			dependencies = (
				283AB295285D019400A8B70A /* PBXTargetDependency */,
			);
			name = dqaksesTests;
			productName = dqaksesTests;
			productReference = 283AB293285D019400A8B70A /* dqaksesTests.xctest */;
			productType = "com.apple.product-type.bundle.unit-test";
		};
		283AB29C285D019400A8B70A /* dqaksesUITests */ = {
			isa = PBXNativeTarget;
			buildConfigurationList = 283AB2AD285D019400A8B70A /* Build configuration list for PBXNativeTarget "dqaksesUITests" */;
			buildPhases = (
				283AB299285D019400A8B70A /* Sources */,
				283AB29A285D019400A8B70A /* Frameworks */,
				283AB29B285D019400A8B70A /* Resources */,
			);
			buildRules = (
			);
			dependencies = (
				283AB29F285D019400A8B70A /* PBXTargetDependency */,
			);
			name = dqaksesUITests;
			productName = dqaksesUITests;
			productReference = 283AB29D285D019400A8B70A /* dqaksesUITests.xctest */;
			productType = "com.apple.product-type.bundle.ui-testing";
		};
/* End PBXNativeTarget section */

/* Begin PBXProject section */
		283AB275285D019100A8B70A /* Project object */ = {
			isa = PBXProject;
			attributes = {
				BuildIndependentTargetsInParallel = 1;
				LastSwiftUpdateCheck = 1340;
				LastUpgradeCheck = 1340;
				TargetAttributes = {
					283AB27C285D019100A8B70A = {
						CreatedOnToolsVersion = 13.4.1;
					};
					283AB292285D019400A8B70A = {
						CreatedOnToolsVersion = 13.4.1;
						TestTargetID = 283AB27C285D019100A8B70A;
					};
					283AB29C285D019400A8B70A = {
						CreatedOnToolsVersion = 13.4.1;
						TestTargetID = 283AB27C285D019100A8B70A;
					};
				};
			};
			buildConfigurationList = 283AB278285D019100A8B70A /* Build configuration list for PBXProject "dqakses" */;
			compatibilityVersion = "Xcode 13.0";
			developmentRegion = en;
			hasScannedForEncodings = 0;
			knownRegions = (
				en,
				Base,
			);
			mainGroup = 283AB274285D019100A8B70A;
			productRefGroup = 283AB27E285D019100A8B70A /* Products */;
			projectDirPath = "";
			projectRoot = "";
			targets = (
				283AB27C285D019100A8B70A /* dqakses */,
				283AB292285D019400A8B70A /* dqaksesTests */,
				283AB29C285D019400A8B70A /* dqaksesUITests */,
			);
		};
/* End PBXProject section */

/* Begin PBXResourcesBuildPhase section */
		283AB27B285D019100A8B70A /* Resources */ = {
			isa = PBXResourcesBuildPhase;
			buildActionMask = 2147483647;
			files = (
				283AB28D285D019400A8B70A /* LaunchScreen.storyboard in Resources */,
				283AB28A285D019400A8B70A /* Assets.xcassets in Resources */,
				283AB288285D019100A8B70A /* Main.storyboard in Resources */,
			);
			runOnlyForDeploymentPostprocessing = 0;
		};
		283AB291285D019400A8B70A /* Resources */ = {
			isa = PBXResourcesBuildPhase;
			buildActionMask = 2147483647;
			files = (
			);
			runOnlyForDeploymentPostprocessing = 0;
		};
		283AB29B285D019400A8B70A /* Resources */ = {
			isa = PBXResourcesBuildPhase;
			buildActionMask = 2147483647;
			files = (
			);
			runOnlyForDeploymentPostprocessing = 0;
		};
/* End PBXResourcesBuildPhase section */

/* Begin PBXSourcesBuildPhase section */
		283AB279285D019100A8B70A /* Sources */ = {
			isa = PBXSourcesBuildPhase;
			buildActionMask = 2147483647;
			files = (
				283AB285285D019100A8B70A /* ViewController.swift in Sources */,
				283AB281285D019100A8B70A /* AppDelegate.swift in Sources */,
				283AB283285D019100A8B70A /* SceneDelegate.swift in Sources */,
			);
			runOnlyForDeploymentPostprocessing = 0;
		};
		283AB28F285D019400A8B70A /* Sources */ = {
			isa = PBXSourcesBuildPhase;
			buildActionMask = 2147483647;
			files = (
				283AB298285D019400A8B70A /* dqaksesTests.swift in Sources */,
			);
			runOnlyForDeploymentPostprocessing = 0;
		};
		283AB299285D019400A8B70A /* Sources */ = {
			isa = PBXSourcesBuildPhase;
			buildActionMask = 2147483647;
			files = (
				283AB2A2285D019400A8B70A /* dqaksesUITests.swift in Sources */,
				283AB2A4285D019400A8B70A /* dqaksesUITestsLaunchTests.swift in Sources */,
			);
			runOnlyForDeploymentPostprocessing = 0;
		};
/* End PBXSourcesBuildPhase section */

/* Begin PBXTargetDependency section */
		283AB295285D019400A8B70A /* PBXTargetDependency */ = {
			isa = PBXTargetDependency;
			target = 283AB27C285D019100A8B70A /* dqakses */;
			targetProxy = 283AB294285D019400A8B70A /* PBXContainerItemProxy */;
		};
		283AB29F285D019400A8B70A /* PBXTargetDependency */ = {
			isa = PBXTargetDependency;
			target = 283AB27C285D019100A8B70A /* dqakses */;
			targetProxy = 283AB29E285D019400A8B70A /* PBXContainerItemProxy */;
		};
/* End PBXTargetDependency section */

/* Begin PBXVariantGroup section */
		283AB286285D019100A8B70A /* Main.storyboard */ = {
			isa = PBXVariantGroup;
			children = (
				283AB287285D019100A8B70A /* Base */,
			);
			name = Main.storyboard;
			sourceTree = "<group>";
		};
		283AB28B285D019400A8B70A /* LaunchScreen.storyboard */ = {
			isa = PBXVariantGroup;
			children = (
				283AB28C285D019400A8B70A /* Base */,
			);
			name = LaunchScreen.storyboard;
			sourceTree = "<group>";
		};
/* End PBXVariantGroup section */

/* Begin XCBuildConfiguration section */
		283AB2A5285D019400A8B70A /* Debug */ = {
			isa = XCBuildConfiguration;
			buildSettings = {
				ALWAYS_SEARCH_USER_PATHS = NO;
				CLANG_ANALYZER_NONNULL = YES;
				CLANG_ANALYZER_NUMBER_OBJECT_CONVERSION = YES_AGGRESSIVE;
				CLANG_CXX_LANGUAGE_STANDARD = "gnu++17";
				CLANG_ENABLE_MODULES = YES;
				CLANG_ENABLE_OBJC_ARC = YES;
				CLANG_ENABLE_OBJC_WEAK = YES;
				CLANG_WARN_BLOCK_CAPTURE_AUTORELEASING = YES;
				CLANG_WARN_BOOL_CONVERSION = YES;
				CLANG_WARN_COMMA = YES;
				CLANG_WARN_CONSTANT_CONVERSION = YES;
				CLANG_WARN_DEPRECATED_OBJC_IMPLEMENTATIONS = YES;
				CLANG_WARN_DIRECT_OBJC_ISA_USAGE = YES_ERROR;
				CLANG_WARN_DOCUMENTATION_COMMENTS = YES;
				CLANG_WARN_EMPTY_BODY = YES;
				CLANG_WARN_ENUM_CONVERSION = YES;
				CLANG_WARN_INFINITE_RECURSION = YES;
				CLANG_WARN_INT_CONVERSION = YES;
				CLANG_WARN_NON_LITERAL_NULL_CONVERSION = YES;
				CLANG_WARN_OBJC_IMPLICIT_RETAIN_SELF = YES;
				CLANG_WARN_OBJC_LITERAL_CONVERSION = YES;
				CLANG_WARN_OBJC_ROOT_CLASS = YES_ERROR;
				CLANG_WARN_QUOTED_INCLUDE_IN_FRAMEWORK_HEADER = YES;
				CLANG_WARN_RANGE_LOOP_ANALYSIS = YES;
				CLANG_WARN_STRICT_PROTOTYPES = YES;
				CLANG_WARN_SUSPICIOUS_MOVE = YES;
				CLANG_WARN_UNGUARDED_AVAILABILITY = YES_AGGRESSIVE;
				CLANG_WARN_UNREACHABLE_CODE = YES;
				CLANG_WARN__DUPLICATE_METHOD_MATCH = YES;
				COPY_PHASE_STRIP = NO;
				DEBUG_INFORMATION_FORMAT = dwarf;
				ENABLE_STRICT_OBJC_MSGSEND = YES;
				ENABLE_TESTABILITY = YES;
				GCC_C_LANGUAGE_STANDARD = gnu11;
				GCC_DYNAMIC_NO_PIC = NO;
				GCC_NO_COMMON_BLOCKS = YES;
				GCC_OPTIMIZATION_LEVEL = 0;
				GCC_PREPROCESSOR_DEFINITIONS = (
					"DEBUG=1",
					"$(inherited)",
				);
				GCC_WARN_64_TO_32_BIT_CONVERSION = YES;
				GCC_WARN_ABOUT_RETURN_TYPE = YES_ERROR;
				GCC_WARN_UNDECLARED_SELECTOR = YES;
				GCC_WARN_UNINITIALIZED_AUTOS = YES_AGGRESSIVE;
				GCC_WARN_UNUSED_FUNCTION = YES;
				GCC_WARN_UNUSED_VARIABLE = YES;
				IPHONEOS_DEPLOYMENT_TARGET = 15.5;
				MTL_ENABLE_DEBUG_INFO = INCLUDE_SOURCE;
				MTL_FAST_MATH = YES;
				ONLY_ACTIVE_ARCH = YES;
				SDKROOT = iphoneos;
				SWIFT_ACTIVE_COMPILATION_CONDITIONS = DEBUG;
				SWIFT_OPTIMIZATION_LEVEL = "-Onone";
			};
			name = Debug;
		};
		283AB2A6285D019400A8B70A /* Release */ = {
			isa = XCBuildConfiguration;
			buildSettings = {
				ALWAYS_SEARCH_USER_PATHS = NO;
				CLANG_ANALYZER_NONNULL = YES;
				CLANG_ANALYZER_NUMBER_OBJECT_CONVERSION = YES_AGGRESSIVE;
				CLANG_CXX_LANGUAGE_STANDARD = "gnu++17";
				CLANG_ENABLE_MODULES = YES;
				CLANG_ENABLE_OBJC_ARC = YES;
				CLANG_ENABLE_OBJC_WEAK = YES;
				CLANG_WARN_BLOCK_CAPTURE_AUTORELEASING = YES;
				CLANG_WARN_BOOL_CONVERSION = YES;
				CLANG_WARN_COMMA = YES;
				CLANG_WARN_CONSTANT_CONVERSION = YES;
				CLANG_WARN_DEPRECATED_OBJC_IMPLEMENTATIONS = YES;
				CLANG_WARN_DIRECT_OBJC_ISA_USAGE = YES_ERROR;
				CLANG_WARN_DOCUMENTATION_COMMENTS = YES;
				CLANG_WARN_EMPTY_BODY = YES;
				CLANG_WARN_ENUM_CONVERSION = YES;
				CLANG_WARN_INFINITE_RECURSION = YES;
				CLANG_WARN_INT_CONVERSION = YES;
				CLANG_WARN_NON_LITERAL_NULL_CONVERSION = YES;
				CLANG_WARN_OBJC_IMPLICIT_RETAIN_SELF = YES;
				CLANG_WARN_OBJC_LITERAL_CONVERSION = YES;
				CLANG_WARN_OBJC_ROOT_CLASS = YES_ERROR;
				CLANG_WARN_QUOTED_INCLUDE_IN_FRAMEWORK_HEADER = YES;
				CLANG_WARN_RANGE_LOOP_ANALYSIS = YES;
				CLANG_WARN_STRICT_PROTOTYPES = YES;
				CLANG_WARN_SUSPICIOUS_MOVE = YES;
				CLANG_WARN_UNGUARDED_AVAILABILITY = YES_AGGRESSIVE;
				CLANG_WARN_UNREACHABLE_CODE = YES;
				CLANG_WARN__DUPLICATE_METHOD_MATCH = YES;
				COPY_PHASE_STRIP = NO;
				DEBUG_INFORMATION_FORMAT = "dwarf-with-dsym";
				ENABLE_NS_ASSERTIONS = NO;
				ENABLE_STRICT_OBJC_MSGSEND = YES;
				GCC_C_LANGUAGE_STANDARD = gnu11;
				GCC_NO_COMMON_BLOCKS = YES;
				GCC_WARN_64_TO_32_BIT_CONVERSION = YES;
				GCC_WARN_ABOUT_RETURN_TYPE = YES_ERROR;
				GCC_WARN_UNDECLARED_SELECTOR = YES;
				GCC_WARN_UNINITIALIZED_AUTOS = YES_AGGRESSIVE;
				GCC_WARN_UNUSED_FUNCTION = YES;
				GCC_WARN_UNUSED_VARIABLE = YES;
				IPHONEOS_DEPLOYMENT_TARGET = 15.5;
				MTL_ENABLE_DEBUG_INFO = NO;
				MTL_FAST_MATH = YES;
				SDKROOT = iphoneos;
				SWIFT_COMPILATION_MODE = wholemodule;
				SWIFT_OPTIMIZATION_LEVEL = "-O";
				VALIDATE_PRODUCT = YES;
			};
			name = Release;
		};
		283AB2A8285D019400A8B70A /* Debug */ = {
			isa = XCBuildConfiguration;
			buildSettings = {
				ASSETCATALOG_COMPILER_APPICON_NAME = AppIcon;
				ASSETCATALOG_COMPILER_GLOBAL_ACCENT_COLOR_NAME = AccentColor;
				CODE_SIGN_STYLE = Automatic;
				CURRENT_PROJECT_VERSION = 1;
				DEVELOPMENT_TEAM = 2Z3PDG8P5F;
				GENERATE_INFOPLIST_FILE = YES;
				INFOPLIST_FILE = dqakses/Info.plist;
				INFOPLIST_KEY_UIApplicationSupportsIndirectInputEvents = YES;
				INFOPLIST_KEY_UILaunchStoryboardName = LaunchScreen;
				INFOPLIST_KEY_UIMainStoryboardFile = Main;
				INFOPLIST_KEY_UISupportedInterfaceOrientations_iPad = "UIInterfaceOrientationPortrait UIInterfaceOrientationPortraitUpsideDown UIInterfaceOrientationLandscapeLeft UIInterfaceOrientationLandscapeRight";
				INFOPLIST_KEY_UISupportedInterfaceOrientations_iPhone = "UIInterfaceOrientationPortrait UIInterfaceOrientationLandscapeLeft UIInterfaceOrientationLandscapeRight";
				IPHONEOS_DEPLOYMENT_TARGET = 14.4;
				LD_RUNPATH_SEARCH_PATHS = (
					"$(inherited)",
					"@executable_path/Frameworks",
				);
				MARKETING_VERSION = 1.0;
				PRODUCT_BUNDLE_IDENTIFIER = darulquranmulia.dqakses;
				PRODUCT_NAME = "$(TARGET_NAME)";
				SWIFT_EMIT_LOC_STRINGS = YES;
				SWIFT_VERSION = 5.0;
				TARGETED_DEVICE_FAMILY = "1,2";
			};
			name = Debug;
		};
		283AB2A9285D019400A8B70A /* Release */ = {
			isa = XCBuildConfiguration;
			buildSettings = {
				ASSETCATALOG_COMPILER_APPICON_NAME = AppIcon;
				ASSETCATALOG_COMPILER_GLOBAL_ACCENT_COLOR_NAME = AccentColor;
				CODE_SIGN_STYLE = Automatic;
				CURRENT_PROJECT_VERSION = 1;
				DEVELOPMENT_TEAM = 2Z3PDG8P5F;
				GENERATE_INFOPLIST_FILE = YES;
				INFOPLIST_FILE = dqakses/Info.plist;
				INFOPLIST_KEY_UIApplicationSupportsIndirectInputEvents = YES;
				INFOPLIST_KEY_UILaunchStoryboardName = LaunchScreen;
				INFOPLIST_KEY_UIMainStoryboardFile = Main;
				INFOPLIST_KEY_UISupportedInterfaceOrientations_iPad = "UIInterfaceOrientationPortrait UIInterfaceOrientationPortraitUpsideDown UIInterfaceOrientationLandscapeLeft UIInterfaceOrientationLandscapeRight";
				INFOPLIST_KEY_UISupportedInterfaceOrientations_iPhone = "UIInterfaceOrientationPortrait UIInterfaceOrientationLandscapeLeft UIInterfaceOrientationLandscapeRight";
				IPHONEOS_DEPLOYMENT_TARGET = 14.4;
				LD_RUNPATH_SEARCH_PATHS = (
					"$(inherited)",
					"@executable_path/Frameworks",
				);
				MARKETING_VERSION = 1.0;
				PRODUCT_BUNDLE_IDENTIFIER = darulquranmulia.dqakses;
				PRODUCT_NAME = "$(TARGET_NAME)";
				SWIFT_EMIT_LOC_STRINGS = YES;
				SWIFT_VERSION = 5.0;
				TARGETED_DEVICE_FAMILY = "1,2";
			};
			name = Release;
		};
		283AB2AB285D019400A8B70A /* Debug */ = {
			isa = XCBuildConfiguration;
			buildSettings = {
				ALWAYS_EMBED_SWIFT_STANDARD_LIBRARIES = YES;
				BUNDLE_LOADER = "$(TEST_HOST)";
				CODE_SIGN_STYLE = Automatic;
				CURRENT_PROJECT_VERSION = 1;
				DEVELOPMENT_TEAM = 2Z3PDG8P5F;
				GENERATE_INFOPLIST_FILE = YES;
				IPHONEOS_DEPLOYMENT_TARGET = 15.5;
				MARKETING_VERSION = 1.0;
				PRODUCT_BUNDLE_IDENTIFIER = darulquranmulia.dqaksesTests;
				PRODUCT_NAME = "$(TARGET_NAME)";
				SWIFT_EMIT_LOC_STRINGS = NO;
				SWIFT_VERSION = 5.0;
				TARGETED_DEVICE_FAMILY = "1,2";
				TEST_HOST = "$(BUILT_PRODUCTS_DIR)/dqakses.app/dqakses";
			};
			name = Debug;
		};
		283AB2AC285D019400A8B70A /* Release */ = {
			isa = XCBuildConfiguration;
			buildSettings = {
				ALWAYS_EMBED_SWIFT_STANDARD_LIBRARIES = YES;
				BUNDLE_LOADER = "$(TEST_HOST)";
				CODE_SIGN_STYLE = Automatic;
				CURRENT_PROJECT_VERSION = 1;
				DEVELOPMENT_TEAM = 2Z3PDG8P5F;
				GENERATE_INFOPLIST_FILE = YES;
				IPHONEOS_DEPLOYMENT_TARGET = 15.5;
				MARKETING_VERSION = 1.0;
				PRODUCT_BUNDLE_IDENTIFIER = darulquranmulia.dqaksesTests;
				PRODUCT_NAME = "$(TARGET_NAME)";
				SWIFT_EMIT_LOC_STRINGS = NO;
				SWIFT_VERSION = 5.0;
				TARGETED_DEVICE_FAMILY = "1,2";
				TEST_HOST = "$(BUILT_PRODUCTS_DIR)/dqakses.app/dqakses";
			};
			name = Release;
		};
		283AB2AE285D019400A8B70A /* Debug */ = {
			isa = XCBuildConfiguration;
			buildSettings = {
				ALWAYS_EMBED_SWIFT_STANDARD_LIBRARIES = YES;
				CODE_SIGN_STYLE = Automatic;
				CURRENT_PROJECT_VERSION = 1;
				DEVELOPMENT_TEAM = 2Z3PDG8P5F;
				GENERATE_INFOPLIST_FILE = YES;
				MARKETING_VERSION = 1.0;
				PRODUCT_BUNDLE_IDENTIFIER = darulquranmulia.dqaksesUITests;
				PRODUCT_NAME = "$(TARGET_NAME)";
				SWIFT_EMIT_LOC_STRINGS = NO;
				SWIFT_VERSION = 5.0;
				TARGETED_DEVICE_FAMILY = "1,2";
				TEST_TARGET_NAME = dqakses;
			};
			name = Debug;
		};
		283AB2AF285D019400A8B70A /* Release */ = {
			isa = XCBuildConfiguration;
			buildSettings = {
				ALWAYS_EMBED_SWIFT_STANDARD_LIBRARIES = YES;
				CODE_SIGN_STYLE = Automatic;
				CURRENT_PROJECT_VERSION = 1;
				DEVELOPMENT_TEAM = 2Z3PDG8P5F;
				GENERATE_INFOPLIST_FILE = YES;
				MARKETING_VERSION = 1.0;
				PRODUCT_BUNDLE_IDENTIFIER = darulquranmulia.dqaksesUITests;
				PRODUCT_NAME = "$(TARGET_NAME)";
				SWIFT_EMIT_LOC_STRINGS = NO;
				SWIFT_VERSION = 5.0;
				TARGETED_DEVICE_FAMILY = "1,2";
				TEST_TARGET_NAME = dqakses;
			};
			name = Release;
		};
/* End XCBuildConfiguration section */

/* Begin XCConfigurationList section */
		283AB278285D019100A8B70A /* Build configuration list for PBXProject "dqakses" */ = {
			isa = XCConfigurationList;
			buildConfigurations = (
				283AB2A5285D019400A8B70A /* Debug */,
				283AB2A6285D019400A8B70A /* Release */,
			);
			defaultConfigurationIsVisible = 0;
			defaultConfigurationName = Release;
		};
		283AB2A7285D019400A8B70A /* Build configuration list for PBXNativeTarget "dqakses" */ = {
			isa = XCConfigurationList;
			buildConfigurations = (
				283AB2A8285D019400A8B70A /* Debug */,
				283AB2A9285D019400A8B70A /* Release */,
			);
			defaultConfigurationIsVisible = 0;
			defaultConfigurationName = Release;
		};
		283AB2AA285D019400A8B70A /* Build configuration list for PBXNativeTarget "dqaksesTests" */ = {
			isa = XCConfigurationList;
			buildConfigurations = (
				283AB2AB285D019400A8B70A /* Debug */,
				283AB2AC285D019400A8B70A /* Release */,
			);
			defaultConfigurationIsVisible = 0;
			defaultConfigurationName = Release;
		};
		283AB2AD285D019400A8B70A /* Build configuration list for PBXNativeTarget "dqaksesUITests" */ = {
			isa = XCConfigurationList;
			buildConfigurations = (
				283AB2AE285D019400A8B70A /* Debug */,
				283AB2AF285D019400A8B70A /* Release */,
			);
			defaultConfigurationIsVisible = 0;
			defaultConfigurationName = Release;
		};
/* End XCConfigurationList section */
	};
	rootObject = 283AB275285D019100A8B70A /* Project object */;
}
